
Microsoft Visual Studio Solution File, Format Version 12.00
# Visual Studio Version 16
VisualStudioVersion = 16.0.30204.135
MinimumVisualStudioVersion = 10.0.40219.1
Project("{FAE04EC0-301F-11D3-BF4B-00C04F79EFBC}") = "LendoEmail", "LendoEmail\LendoEmail.csproj", "{29268311-556D-4716-A9F6-DC2D2EDF22B2}"
EndProject
Global
	GlobalSection(SolutionConfigurationPlatforms) = preSolution
		Debug|Any CPU = Debug|Any CPU
		Release|Any CPU = Release|Any CPU
	EndGlobalSection
	GlobalSection(ProjectConfigurationPlatforms) = postSolution
		{29268311-556D-4716-A9F6-DC2D2EDF22B2}.Debug|Any CPU.ActiveCfg = Debug|Any CPU
		{29268311-556D-4716-A9F6-DC2D2EDF22B2}.Debug|Any CPU.Build.0 = Debug|Any CPU
		{29268311-556D-4716-A9F6-DC2D2EDF22B2}.Release|Any CPU.ActiveCfg = Release|Any CPU
		{29268311-556D-4716-A9F6-DC2D2EDF22B2}.Release|Any CPU.Build.0 = Release|Any CPU
	EndGlobalSection
	GlobalSection(SolutionProperties) = preSolution
		HideSolutionNode = FALSE
	EndGlobalSection
	GlobalSection(ExtensibilityGlobals) = postSolution
		SolutionGuid = {5621B0B8-BDED-447E-85A8-5051B51C60A4}
	EndGlobalSection
EndGlobal
