
Microsoft Visual Studio Solution File, Format Version 12.00
# Visual Studio Version 16
VisualStudioVersion = 16.0.30204.135
MinimumVisualStudioVersion = 10.0.40219.1
Project("{FAE04EC0-301F-11D3-BF4B-00C04F79EFBC}") = "DicionarioInterface", "DicionarioInterface\DicionarioInterface.csproj", "{0827FE82-141E-4D53-A040-AD04B73AD7CC}"
EndProject
Global
	GlobalSection(SolutionConfigurationPlatforms) = preSolution
		Debug|Any CPU = Debug|Any CPU
		Release|Any CPU = Release|Any CPU
	EndGlobalSection
	GlobalSection(ProjectConfigurationPlatforms) = postSolution
		{0827FE82-141E-4D53-A040-AD04B73AD7CC}.Debug|Any CPU.ActiveCfg = Debug|Any CPU
		{0827FE82-141E-4D53-A040-AD04B73AD7CC}.Debug|Any CPU.Build.0 = Debug|Any CPU
		{0827FE82-141E-4D53-A040-AD04B73AD7CC}.Release|Any CPU.ActiveCfg = Release|Any CPU
		{0827FE82-141E-4D53-A040-AD04B73AD7CC}.Release|Any CPU.Build.0 = Release|Any CPU
	EndGlobalSection
	GlobalSection(SolutionProperties) = preSolution
		HideSolutionNode = FALSE
	EndGlobalSection
	GlobalSection(ExtensibilityGlobals) = postSolution
		SolutionGuid = {AC3F1E27-C817-4D7D-BC1B-8EB3340E4A29}
	EndGlobalSection
EndGlobal
